
Microsoft Visual Studio Solution File, Format Version 12.00
# Visual Studio 15
VisualStudioVersion = 15.0.26430.14
MinimumVisualStudioVersion = 10.0.40219.1
Project("{2150E333-8FDC-42A3-9474-1A3956D46DE8}") = "SolutionItems", "SolutionItems", "{0BE197CB-7300-49FE-A07F-E4CC3B5E6BFC}"
	ProjectSection(SolutionItems) = preProject
		.gitattributes = .gitattributes
		.gitignore = .gitignore
		LICENSE = LICENSE
		README.md = README.md
	EndProjectSection
EndProject
Project("{FAE04EC0-301F-11D3-BF4B-00C04F79EFBC}") = "Invisual.Libraries.Mvc.Binder", "Invisual.Libraries.Mvc.Binder\Invisual.Libraries.Mvc.Binder.csproj", "{8F529778-5D15-4A09-8855-2D902EEAD307}"
EndProject
Global
	GlobalSection(SolutionConfigurationPlatforms) = preSolution
		Debug|Any CPU = Debug|Any CPU
		Release|Any CPU = Release|Any CPU
	EndGlobalSection
	GlobalSection(ProjectConfigurationPlatforms) = postSolution
		{8F529778-5D15-4A09-8855-2D902EEAD307}.Debug|Any CPU.ActiveCfg = Debug|Any CPU
		{8F529778-5D15-4A09-8855-2D902EEAD307}.Debug|Any CPU.Build.0 = Debug|Any CPU
		{8F529778-5D15-4A09-8855-2D902EEAD307}.Release|Any CPU.ActiveCfg = Release|Any CPU
		{8F529778-5D15-4A09-8855-2D902EEAD307}.Release|Any CPU.Build.0 = Release|Any CPU
	EndGlobalSection
	GlobalSection(SolutionProperties) = preSolution
		HideSolutionNode = FALSE
	EndGlobalSection
EndGlobal
